
Microsoft Visual Studio Solution File, Format Version 12.00
# Visual Studio Version 17
VisualStudioVersion = 17.5.33530.505
MinimumVisualStudioVersion = 10.0.40219.1
Project("{FAE04EC0-301F-11D3-BF4B-00C04F79EFBC}") = "ITAPP", "ITAPP.csproj", "{49EF9693-FBCD-49FD-868D-9B7547B1F33D}"
EndProject
Global
	GlobalSection(SolutionConfigurationPlatforms) = preSolution
		Debug|Any CPU = Debug|Any CPU
		Release|Any CPU = Release|Any CPU
	EndGlobalSection
	GlobalSection(ProjectConfigurationPlatforms) = postSolution
		{49EF9693-FBCD-49FD-868D-9B7547B1F33D}.Debug|Any CPU.ActiveCfg = Debug|Any CPU
		{49EF9693-FBCD-49FD-868D-9B7547B1F33D}.Debug|Any CPU.Build.0 = Debug|Any CPU
		{49EF9693-FBCD-49FD-868D-9B7547B1F33D}.Release|Any CPU.ActiveCfg = Release|Any CPU
		{49EF9693-FBCD-49FD-868D-9B7547B1F33D}.Release|Any CPU.Build.0 = Release|Any CPU
	EndGlobalSection
	GlobalSection(SolutionProperties) = preSolution
		HideSolutionNode = FALSE
	EndGlobalSection
	GlobalSection(ExtensibilityGlobals) = postSolution
		SolutionGuid = {3A083E87-A41B-4727-B3E4-1CE15496D29E}
	EndGlobalSection
EndGlobal
